
Microsoft Visual Studio Solution File, Format Version 12.00
# Visual Studio Version 16
VisualStudioVersion = 16.0.30907.101
MinimumVisualStudioVersion = 10.0.40219.1
Project("{FAE04EC0-301F-11D3-BF4B-00C04F79EFBC}") = "MVC-TodoList", "MVC-TodoList\MVC-TodoList.csproj", "{68CE0B5F-DB45-42A8-B332-E9DC27B339F8}"
EndProject
Global
	GlobalSection(SolutionConfigurationPlatforms) = preSolution
		Debug|Any CPU = Debug|Any CPU
		Release|Any CPU = Release|Any CPU
	EndGlobalSection
	GlobalSection(ProjectConfigurationPlatforms) = postSolution
		{68CE0B5F-DB45-42A8-B332-E9DC27B339F8}.Debug|Any CPU.ActiveCfg = Debug|Any CPU
		{68CE0B5F-DB45-42A8-B332-E9DC27B339F8}.Debug|Any CPU.Build.0 = Debug|Any CPU
		{68CE0B5F-DB45-42A8-B332-E9DC27B339F8}.Release|Any CPU.ActiveCfg = Release|Any CPU
		{68CE0B5F-DB45-42A8-B332-E9DC27B339F8}.Release|Any CPU.Build.0 = Release|Any CPU
	EndGlobalSection
	GlobalSection(SolutionProperties) = preSolution
		HideSolutionNode = FALSE
	EndGlobalSection
	GlobalSection(ExtensibilityGlobals) = postSolution
		SolutionGuid = {59DDD970-4578-4EDB-80D1-CD6060F13F69}
	EndGlobalSection
EndGlobal
